
Microsoft Visual Studio Solution File, Format Version 12.00
# Visual Studio Version 16
VisualStudioVersion = 16.0.31112.23
MinimumVisualStudioVersion = 10.0.40219.1
Project("{9A19103F-16F7-4668-BE54-9A1E7A4F7556}") = "WpfApp", "src\WpfApp\WpfApp.csproj", "{945ECF29-32A3-47BE-A132-211A752185BC}"
EndProject
Project("{FAE04EC0-301F-11D3-BF4B-00C04F79EFBC}") = "WpfApp.Test", "test\WpfApp.Test\WpfApp.Test.csproj", "{745CE65A-5DFE-4787-BE4E-66225014259B}"
EndProject
Global
	GlobalSection(SolutionConfigurationPlatforms) = preSolution
		Debug|Any CPU = Debug|Any CPU
		Release|Any CPU = Release|Any CPU
	EndGlobalSection
	GlobalSection(ProjectConfigurationPlatforms) = postSolution
		{945ECF29-32A3-47BE-A132-211A752185BC}.Debug|Any CPU.ActiveCfg = Debug|Any CPU
		{945ECF29-32A3-47BE-A132-211A752185BC}.Debug|Any CPU.Build.0 = Debug|Any CPU
		{945ECF29-32A3-47BE-A132-211A752185BC}.Release|Any CPU.ActiveCfg = Release|Any CPU
		{945ECF29-32A3-47BE-A132-211A752185BC}.Release|Any CPU.Build.0 = Release|Any CPU
		{745CE65A-5DFE-4787-BE4E-66225014259B}.Debug|Any CPU.ActiveCfg = Debug|Any CPU
		{745CE65A-5DFE-4787-BE4E-66225014259B}.Debug|Any CPU.Build.0 = Debug|Any CPU
		{745CE65A-5DFE-4787-BE4E-66225014259B}.Release|Any CPU.ActiveCfg = Release|Any CPU
		{745CE65A-5DFE-4787-BE4E-66225014259B}.Release|Any CPU.Build.0 = Release|Any CPU
	EndGlobalSection
	GlobalSection(SolutionProperties) = preSolution
		HideSolutionNode = FALSE
	EndGlobalSection
	GlobalSection(ExtensibilityGlobals) = postSolution
		SolutionGuid = {8A934D71-51B3-4A5B-9359-B7AC95913E49}
	EndGlobalSection
EndGlobal
